{
    "name": "npm-fflib-mocks",
    "version": "1.1.1",
    "lockfileVersion": 1,
    "requires": true,
    "dependencies": {
        "qfpm": {
            "version": "1.1.1",
            "resolved": "https://registry.npmjs.org/qfpm/-/qfpm-1.1.1.tgz",
            "integrity": "sha512-q46GW/zW6eJQSFa7XXJr8C9Njs93In0xjPKcALjP2pojnAXiilOA90EKJBmYx2n2iJ+BpTGO8zc6yDEbicIqUA=="
        }
    }
}
