{
    "name": "npm-fflib-mocks",
    "version": "1.0.23",
    "lockfileVersion": 1,
    "requires": true,
    "dependencies": {
        "qfpm": {
            "version": "1.0.21",
            "resolved": "https://registry.npmjs.org/qfpm/-/qfpm-1.0.21.tgz",
            "integrity": "sha512-fzipciRgAR35/D4AgN84Sd1A8WqdzVYqgbBFFutp0G0SqNbTTv2X615V90C00xNNObN3Jxfj+gzk6+56Wdwp9w=="
        }
    }
}
