{
    "name": "npm-fflib-mocks",
    "version": "1.0.25",
    "lockfileVersion": 1,
    "requires": true,
    "dependencies": {
        "qfpm": {
            "version": "1.0.24",
            "resolved": "https://registry.npmjs.org/qfpm/-/qfpm-1.0.24.tgz",
            "integrity": "sha512-MyRRgTwkM3OQWX4N2Ry2SLVV0QGNT6nbFnVqrXJjtCWadpF0MS2/PGoWE9o3lAttc0RDRZmjitt+yMlVzzgCpg=="
        }
    }
}
